
Microsoft Visual Studio Solution File, Format Version 12.00
# Visual Studio Version 17
VisualStudioVersion = 17.0.31903.59
MinimumVisualStudioVersion = 10.0.40219.1
Project("{FAE04EC0-301F-11D3-BF4B-00C04F79EFBC}") = "ExcelFlow.DataAccess", "ExcelFlow.DataAccess\ExcelFlow.DataAccess.csproj", "{7169EB6B-C24C-4C7A-9F44-28E7D5BF7F00}"
EndProject
Project("{FAE04EC0-301F-11D3-BF4B-00C04F79EFBC}") = "ExcelFlow.Services", "ExcelFlow.Services\ExcelFlow.Services.csproj", "{08DD64C9-AA54-4384-A1D4-5BCB816295B7}"
EndProject
Project("{FAE04EC0-301F-11D3-BF4B-00C04F79EFBC}") = "ExcelFlow.Core", "ExcelFlow.Core\ExcelFlow.Core.csproj", "{2C416AC5-6FA0-4EAF-B876-85CBCAD8E012}"
EndProject
Project("{FAE04EC0-301F-11D3-BF4B-00C04F79EFBC}") = "ExcelFlow.Auth.API", "ExcelFlow.Auth.API\ExcelFlow.Auth.API.csproj", "{B97DC39B-4E4A-4E0A-B614-FFCB1368733B}"
EndProject
Project("{FAE04EC0-301F-11D3-BF4B-00C04F79EFBC}") = "ExcelFlow.Upload.API", "ExcelFlow.Upload.API\ExcelFlow.Upload.API.csproj", "{E2820C02-F92C-4F28-A075-155DD04B60B3}"
EndProject
Project("{FAE04EC0-301F-11D3-BF4B-00C04F79EFBC}") = "ExcelFlow.Web.Common", "ExcelFlow.Web.Common\ExcelFlow.Web.Common.csproj", "{95221F9E-41D5-416D-99F2-9D785ED7A18D}"
EndProject
Global
	GlobalSection(SolutionConfigurationPlatforms) = preSolution
		Debug|Any CPU = Debug|Any CPU
		Release|Any CPU = Release|Any CPU
	EndGlobalSection
	GlobalSection(ProjectConfigurationPlatforms) = postSolution
		{7169EB6B-C24C-4C7A-9F44-28E7D5BF7F00}.Debug|Any CPU.ActiveCfg = Debug|Any CPU
		{7169EB6B-C24C-4C7A-9F44-28E7D5BF7F00}.Debug|Any CPU.Build.0 = Debug|Any CPU
		{7169EB6B-C24C-4C7A-9F44-28E7D5BF7F00}.Release|Any CPU.ActiveCfg = Release|Any CPU
		{7169EB6B-C24C-4C7A-9F44-28E7D5BF7F00}.Release|Any CPU.Build.0 = Release|Any CPU
		{08DD64C9-AA54-4384-A1D4-5BCB816295B7}.Debug|Any CPU.ActiveCfg = Debug|Any CPU
		{08DD64C9-AA54-4384-A1D4-5BCB816295B7}.Debug|Any CPU.Build.0 = Debug|Any CPU
		{08DD64C9-AA54-4384-A1D4-5BCB816295B7}.Release|Any CPU.ActiveCfg = Release|Any CPU
		{08DD64C9-AA54-4384-A1D4-5BCB816295B7}.Release|Any CPU.Build.0 = Release|Any CPU
		{2C416AC5-6FA0-4EAF-B876-85CBCAD8E012}.Debug|Any CPU.ActiveCfg = Debug|Any CPU
		{2C416AC5-6FA0-4EAF-B876-85CBCAD8E012}.Debug|Any CPU.Build.0 = Debug|Any CPU
		{2C416AC5-6FA0-4EAF-B876-85CBCAD8E012}.Release|Any CPU.ActiveCfg = Release|Any CPU
		{2C416AC5-6FA0-4EAF-B876-85CBCAD8E012}.Release|Any CPU.Build.0 = Release|Any CPU
		{B97DC39B-4E4A-4E0A-B614-FFCB1368733B}.Debug|Any CPU.ActiveCfg = Debug|Any CPU
		{B97DC39B-4E4A-4E0A-B614-FFCB1368733B}.Debug|Any CPU.Build.0 = Debug|Any CPU
		{B97DC39B-4E4A-4E0A-B614-FFCB1368733B}.Release|Any CPU.ActiveCfg = Release|Any CPU
		{B97DC39B-4E4A-4E0A-B614-FFCB1368733B}.Release|Any CPU.Build.0 = Release|Any CPU
		{E2820C02-F92C-4F28-A075-155DD04B60B3}.Debug|Any CPU.ActiveCfg = Debug|Any CPU
		{E2820C02-F92C-4F28-A075-155DD04B60B3}.Debug|Any CPU.Build.0 = Debug|Any CPU
		{E2820C02-F92C-4F28-A075-155DD04B60B3}.Release|Any CPU.ActiveCfg = Release|Any CPU
		{E2820C02-F92C-4F28-A075-155DD04B60B3}.Release|Any CPU.Build.0 = Release|Any CPU
		{95221F9E-41D5-416D-99F2-9D785ED7A18D}.Debug|Any CPU.ActiveCfg = Debug|Any CPU
		{95221F9E-41D5-416D-99F2-9D785ED7A18D}.Debug|Any CPU.Build.0 = Debug|Any CPU
		{95221F9E-41D5-416D-99F2-9D785ED7A18D}.Release|Any CPU.ActiveCfg = Release|Any CPU
		{95221F9E-41D5-416D-99F2-9D785ED7A18D}.Release|Any CPU.Build.0 = Release|Any CPU
	EndGlobalSection
	GlobalSection(SolutionProperties) = preSolution
		HideSolutionNode = FALSE
	EndGlobalSection
EndGlobal
